
Microsoft Visual Studio Solution File, Format Version 12.00
# Visual Studio Version 17
VisualStudioVersion = 17.7.34202.233
MinimumVisualStudioVersion = 10.0.40219.1
Project("{FAE04EC0-301F-11D3-BF4B-00C04F79EFBC}") = "SchoolManagementSystemInMVC", "SchoolManagementSystemInMVC\SchoolManagementSystemInMVC.csproj", "{8D66BEA9-9220-4AE9-B523-D17BB40CB8F7}"
EndProject
Project("{FAE04EC0-301F-11D3-BF4B-00C04F79EFBC}") = "SchoolLibrary", "SchoolLibrary\SchoolLibrary.csproj", "{5AA272B8-7996-4229-8D7C-8C17A792A249}"
EndProject
Global
	GlobalSection(SolutionConfigurationPlatforms) = preSolution
		Debug|Any CPU = Debug|Any CPU
		Release|Any CPU = Release|Any CPU
	EndGlobalSection
	GlobalSection(ProjectConfigurationPlatforms) = postSolution
		{8D66BEA9-9220-4AE9-B523-D17BB40CB8F7}.Debug|Any CPU.ActiveCfg = Debug|Any CPU
		{8D66BEA9-9220-4AE9-B523-D17BB40CB8F7}.Debug|Any CPU.Build.0 = Debug|Any CPU
		{8D66BEA9-9220-4AE9-B523-D17BB40CB8F7}.Release|Any CPU.ActiveCfg = Release|Any CPU
		{8D66BEA9-9220-4AE9-B523-D17BB40CB8F7}.Release|Any CPU.Build.0 = Release|Any CPU
		{5AA272B8-7996-4229-8D7C-8C17A792A249}.Debug|Any CPU.ActiveCfg = Debug|Any CPU
		{5AA272B8-7996-4229-8D7C-8C17A792A249}.Debug|Any CPU.Build.0 = Debug|Any CPU
		{5AA272B8-7996-4229-8D7C-8C17A792A249}.Release|Any CPU.ActiveCfg = Release|Any CPU
		{5AA272B8-7996-4229-8D7C-8C17A792A249}.Release|Any CPU.Build.0 = Release|Any CPU
	EndGlobalSection
	GlobalSection(SolutionProperties) = preSolution
		HideSolutionNode = FALSE
	EndGlobalSection
	GlobalSection(ExtensibilityGlobals) = postSolution
		SolutionGuid = {E11F12C8-AC68-4A9A-B119-03FF35FD099E}
	EndGlobalSection
EndGlobal
